
Microsoft Visual Studio Solution File, Format Version 12.00
# Visual Studio Version 17
VisualStudioVersion = 17.4.33110.190
MinimumVisualStudioVersion = 10.0.40219.1
Project("{9A19103F-16F7-4668-BE54-9A1E7A4F7556}") = "GrapeOS", "GrapeOS\GrapeOS.csproj", "{A188044F-DACB-46C4-81FB-8ECE3862E615}"
EndProject
Project("{9A19103F-16F7-4668-BE54-9A1E7A4F7556}") = "GrapeGL", "..\..\..\GrapeGL\src\GrapeGL\GrapeGL.csproj", "{5BF26155-F363-4CA1-81A6-42BC7A34E5EF}"
EndProject
Project("{9A19103F-16F7-4668-BE54-9A1E7A4F7556}") = "SVGAIITerminal", "..\..\..\SVGAIITerminal\src\SVGAIITerminal.csproj", "{E3BED96F-3846-430C-8457-542727EE99C5}"
EndProject
Global
	GlobalSection(SolutionConfigurationPlatforms) = preSolution
		Debug|Any CPU = Debug|Any CPU
		Release|Any CPU = Release|Any CPU
	EndGlobalSection
	GlobalSection(ProjectConfigurationPlatforms) = postSolution
		{A188044F-DACB-46C4-81FB-8ECE3862E615}.Debug|Any CPU.ActiveCfg = Debug|Any CPU
		{A188044F-DACB-46C4-81FB-8ECE3862E615}.Debug|Any CPU.Build.0 = Debug|Any CPU
		{A188044F-DACB-46C4-81FB-8ECE3862E615}.Release|Any CPU.ActiveCfg = Release|Any CPU
		{A188044F-DACB-46C4-81FB-8ECE3862E615}.Release|Any CPU.Build.0 = Release|Any CPU
		{5BF26155-F363-4CA1-81A6-42BC7A34E5EF}.Debug|Any CPU.ActiveCfg = Debug|Any CPU
		{5BF26155-F363-4CA1-81A6-42BC7A34E5EF}.Debug|Any CPU.Build.0 = Debug|Any CPU
		{5BF26155-F363-4CA1-81A6-42BC7A34E5EF}.Release|Any CPU.ActiveCfg = Release|Any CPU
		{5BF26155-F363-4CA1-81A6-42BC7A34E5EF}.Release|Any CPU.Build.0 = Release|Any CPU
		{E3BED96F-3846-430C-8457-542727EE99C5}.Debug|Any CPU.ActiveCfg = Debug|Any CPU
		{E3BED96F-3846-430C-8457-542727EE99C5}.Debug|Any CPU.Build.0 = Debug|Any CPU
		{E3BED96F-3846-430C-8457-542727EE99C5}.Release|Any CPU.ActiveCfg = Release|Any CPU
		{E3BED96F-3846-430C-8457-542727EE99C5}.Release|Any CPU.Build.0 = Release|Any CPU
	EndGlobalSection
	GlobalSection(SolutionProperties) = preSolution
		HideSolutionNode = FALSE
	EndGlobalSection
	GlobalSection(ExtensibilityGlobals) = postSolution
		SolutionGuid = {43C11815-9DAD-4E82-AA0E-3670F5D6DD53}
	EndGlobalSection
EndGlobal
